
Microsoft Visual Studio Solution File, Format Version 12.00
# Visual Studio Version 17
VisualStudioVersion = 17.3.32901.215
MinimumVisualStudioVersion = 10.0.40219.1
Project("{FAE04EC0-301F-11D3-BF4B-00C04F79EFBC}") = "SalesPerson", "SalesPerson\SalesPerson.csproj", "{1BAB34A8-7192-4996-8556-B8F60D658B0B}"
EndProject
Global
	GlobalSection(SolutionConfigurationPlatforms) = preSolution
		Debug|Any CPU = Debug|Any CPU
		Release|Any CPU = Release|Any CPU
	EndGlobalSection
	GlobalSection(ProjectConfigurationPlatforms) = postSolution
		{1BAB34A8-7192-4996-8556-B8F60D658B0B}.Debug|Any CPU.ActiveCfg = Debug|Any CPU
		{1BAB34A8-7192-4996-8556-B8F60D658B0B}.Debug|Any CPU.Build.0 = Debug|Any CPU
		{1BAB34A8-7192-4996-8556-B8F60D658B0B}.Release|Any CPU.ActiveCfg = Release|Any CPU
		{1BAB34A8-7192-4996-8556-B8F60D658B0B}.Release|Any CPU.Build.0 = Release|Any CPU
	EndGlobalSection
	GlobalSection(SolutionProperties) = preSolution
		HideSolutionNode = FALSE
	EndGlobalSection
	GlobalSection(ExtensibilityGlobals) = postSolution
		SolutionGuid = {5DC5A69D-F338-4FF3-B743-1A52FF9432C5}
	EndGlobalSection
EndGlobal
